<?xml version="1.0" encoding="utf-8"?>
<Project ToolsVersion="4.0" xmlns="http://schemas.microsoft.com/developer/msbuild/2003">
  <ItemGroup>
    <Filter Include="Source Files">
      <UniqueIdentifier>{4FC737F1-C7A5-4376-A066-2A32D752A2FF}</UniqueIdentifier>
      <Extensions>cpp;c;cc;cxx;c++;cppm;ixx;def;odl;idl;hpj;bat;asm;asmx</Extensions>
    </Filter>
    <Filter Include="Header Files">
      <UniqueIdentifier>{93995380-89BD-4b04-88EB-625FBE52EBFB}</UniqueIdentifier>
      <Extensions>h;hh;hpp;hxx;h++;hm;inl;inc;ipp;xsd</Extensions>
    </Filter>
    <Filter Include="Resource Files">
      <UniqueIdentifier>{67DA6AB6-F800-4c08-8B7A-83BB121AAD01}</UniqueIdentifier>
      <Extensions>rc;ico;cur;bmp;dlg;rc2;rct;bin;rgs;gif;jpg;jpeg;jpe;resx;tiff;tif;png;wav;mfcribbon-ms</Extensions>
    </Filter>
    <Filter Include="external">
      <UniqueIdentifier>{ccc599bb-da02-46d3-aa53-9bdc875efd09}</UniqueIdentifier>
    </Filter>
    <Filter Include="external\imgui">
      <UniqueIdentifier>{9258c398-66bf-402b-b517-da6207aa01c2}</UniqueIdentifier>
    </Filter>
    <Filter Include="external\imgui\backends">
      <UniqueIdentifier>{6bf5d04e-8c5a-4284-99a4-dd10668b946b}</UniqueIdentifier>
    </Filter>
    <Filter Include="external\windivert">
      <UniqueIdentifier>{83c4b3a8-acb2-4df2-abc3-7daf0cf6e09f}</UniqueIdentifier>
    </Filter>
    <Filter Include="external\windivert\include">
      <UniqueIdentifier>{2e1d70e3-15f0-45df-ab85-d202266fc5f1}</UniqueIdentifier>
    </Filter>
    <Filter Include="external\windivert\x86">
      <UniqueIdentifier>{c9382796-2790-4e86-aaa4-308f720d4602}</UniqueIdentifier>
    </Filter>
    <Filter Include="external\windivert\x64">
      <UniqueIdentifier>{faed5596-7169-40c5-b243-a331b6628592}</UniqueIdentifier>
    </Filter>
    <Filter Include="external\toml">
      <UniqueIdentifier>{9f12b22c-54d1-48a6-b3a0-720d3126b6c3}</UniqueIdentifier>
    </Filter>
    <Filter Include="Source Files\src">
      <UniqueIdentifier>{7dcf219b-2815-472a-998c-06c5abfe9133}</UniqueIdentifier>
    </Filter>
    <Filter Include="Header Files\src">
      <UniqueIdentifier>{73fdd731-186b-497f-92c0-5f5872027c4f}</UniqueIdentifier>
    </Filter>
  </ItemGroup>
  <ItemGroup>
    <ClInclude Include="external\windivert\include\windivert.h">
      <Filter>external\windivert\include</Filter>
    </ClInclude>
    <ClInclude Include="external\imgui\imconfig.h">
      <Filter>external\imgui</Filter>
    </ClInclude>
    <ClInclude Include="external\imgui\imgui.h">
      <Filter>external\imgui</Filter>
    </ClInclude>
    <ClInclude Include="external\imgui\imgui_internal.h">
      <Filter>external\imgui</Filter>
    </ClInclude>
    <ClInclude Include="external\imgui\imstb_rectpack.h">
      <Filter>external\imgui</Filter>
    </ClInclude>
    <ClInclude Include="external\imgui\imstb_textedit.h">
      <Filter>external\imgui</Filter>
    </ClInclude>
    <ClInclude Include="external\imgui\imstb_truetype.h">
      <Filter>external\imgui</Filter>
    </ClInclude>
    <ClInclude Include="external\imgui\backends\imgui_impl_dx12.h">
      <Filter>external\imgui\backends</Filter>
    </ClInclude>
    <ClInclude Include="external\imgui\backends\imgui_impl_win32.h">
      <Filter>external\imgui\backends</Filter>
    </ClInclude>
    <ClInclude Include="external\toml\toml.hpp">
      <Filter>external\toml</Filter>
    </ClInclude>
    <ClInclude Include="src\bandwidth_module.h">
      <Filter>Header Files\src</Filter>
    </ClInclude>
    <ClInclude Include="src\config.h">
      <Filter>Header Files\src</Filter>
    </ClInclude>
    <ClInclude Include="src\duplicate_module.h">
      <Filter>Header Files\src</Filter>
    </ClInclude>
    <ClInclude Include="src\jitter_module.h">
      <Filter>Header Files\src</Filter>
    </ClInclude>
    <ClInclude Include="src\latency_module.h">
      <Filter>Header Files\src</Filter>
    </ClInclude>
    <ClInclude Include="src\network_capture.h">
      <Filter>Header Files\src</Filter>
    </ClInclude>
    <ClInclude Include="src\out_of_order_module.h">
      <Filter>Header Files\src</Filter>
    </ClInclude>
    <ClInclude Include="src\packet_loss_module.h">
      <Filter>Header Files\src</Filter>
    </ClInclude>
    <ClInclude Include="src\random_utils.h">
      <Filter>Header Files\src</Filter>
    </ClInclude>
    <ClInclude Include="src\simulation_module.h">
      <Filter>Header Files\src</Filter>
    </ClInclude>
  </ItemGroup>
  <ItemGroup>
    <ClCompile Include="external\imgui\imgui.cpp">
      <Filter>external\imgui</Filter>
    </ClCompile>
    <ClCompile Include="external\imgui\imgui_demo.cpp">
      <Filter>external\imgui</Filter>
    </ClCompile>
    <ClCompile Include="external\imgui\imgui_draw.cpp">
      <Filter>external\imgui</Filter>
    </ClCompile>
    <ClCompile Include="external\imgui\imgui_tables.cpp">
      <Filter>external\imgui</Filter>
    </ClCompile>
    <ClCompile Include="external\imgui\imgui_widgets.cpp">
      <Filter>external\imgui</Filter>
    </ClCompile>
    <ClCompile Include="external\imgui\backends\imgui_impl_dx12.cpp">
      <Filter>external\imgui\backends</Filter>
    </ClCompile>
    <ClCompile Include="external\imgui\backends\imgui_impl_win32.cpp">
      <Filter>external\imgui\backends</Filter>
    </ClCompile>
    <ClCompile Include="src\bandwidth_module.cpp">
      <Filter>Source Files\src</Filter>
    </ClCompile>
    <ClCompile Include="src\duplicate_module.cpp">
      <Filter>Source Files\src</Filter>
    </ClCompile>
    <ClCompile Include="src\jitter_module.cpp">
      <Filter>Source Files\src</Filter>
    </ClCompile>
    <ClCompile Include="src\latency_module.cpp">
      <Filter>Source Files\src</Filter>
    </ClCompile>
    <ClCompile Include="src\main.cpp">
      <Filter>Source Files\src</Filter>
    </ClCompile>
    <ClCompile Include="src\network_capture.cpp">
      <Filter>Source Files\src</Filter>
    </ClCompile>
    <ClCompile Include="src\out_of_order_module.cpp">
      <Filter>Source Files\src</Filter>
    </ClCompile>
    <ClCompile Include="src\packet_loss_module.cpp">
      <Filter>Source Files\src</Filter>
    </ClCompile>
  </ItemGroup>
  <ItemGroup>
    <None Include="external\windivert\x64\WinDivert.dll">
      <Filter>external\windivert\x64</Filter>
    </None>
    <None Include="external\windivert\x64\WinDivert64.sys">
      <Filter>external\windivert\x64</Filter>
    </None>
    <None Include="external\windivert\x86\WinDivert.dll">
      <Filter>external\windivert\x86</Filter>
    </None>
    <None Include="external\windivert\x86\WinDivert32.sys">
      <Filter>external\windivert\x86</Filter>
    </None>
    <None Include="external\windivert\x86\WinDivert64.sys">
      <Filter>external\windivert\x86</Filter>
    </None>
  </ItemGroup>
  <ItemGroup>
    <Library Include="external\windivert\x64\WinDivert.lib">
      <Filter>external\windivert\x64</Filter>
    </Library>
    <Library Include="external\windivert\x86\WinDivert.lib">
      <Filter>external\windivert\x86</Filter>
    </Library>
  </ItemGroup>
</Project>